
Microsoft Visual Studio Solution File, Format Version 12.00
# Visual Studio Version 16
VisualStudioVersion = 16.0.31702.278
MinimumVisualStudioVersion = 10.0.40219.1
Project("{8BC9CEB8-8B4A-11D0-8D11-00A0C91BC942}") = "JuegoNaves", "JuegoNaves\JuegoNaves.vcxproj", "{9406C5CF-0F48-48A2-970F-E81C95FAEC12}"
EndProject
Global
	GlobalSection(SolutionConfigurationPlatforms) = preSolution
		Debug|x64 = Debug|x64
		Debug|x86 = Debug|x86
		Release|x64 = Release|x64
		Release|x86 = Release|x86
	EndGlobalSection
	GlobalSection(ProjectConfigurationPlatforms) = postSolution
		{9406C5CF-0F48-48A2-970F-E81C95FAEC12}.Debug|x64.ActiveCfg = Debug|x64
		{9406C5CF-0F48-48A2-970F-E81C95FAEC12}.Debug|x64.Build.0 = Debug|x64
		{9406C5CF-0F48-48A2-970F-E81C95FAEC12}.Debug|x86.ActiveCfg = Debug|Win32
		{9406C5CF-0F48-48A2-970F-E81C95FAEC12}.Debug|x86.Build.0 = Debug|Win32
		{9406C5CF-0F48-48A2-970F-E81C95FAEC12}.Release|x64.ActiveCfg = Release|x64
		{9406C5CF-0F48-48A2-970F-E81C95FAEC12}.Release|x64.Build.0 = Release|x64
		{9406C5CF-0F48-48A2-970F-E81C95FAEC12}.Release|x86.ActiveCfg = Release|Win32
		{9406C5CF-0F48-48A2-970F-E81C95FAEC12}.Release|x86.Build.0 = Release|Win32
	EndGlobalSection
	GlobalSection(SolutionProperties) = preSolution
		HideSolutionNode = FALSE
	EndGlobalSection
	GlobalSection(ExtensibilityGlobals) = postSolution
		SolutionGuid = {C60C4B4D-22A3-4437-B81B-14AFAEAF001B}
	EndGlobalSection
EndGlobal
